
Microsoft Visual Studio Solution File, Format Version 12.00
# Visual Studio 15
VisualStudioVersion = 15.0.28307.438
MinimumVisualStudioVersion = 10.0.40219.1
Project("{FAE04EC0-301F-11D3-BF4B-00C04F79EFBC}") = "MVVMBasicPJK.Android", "MVVMBasicPJK\MVVMBasicPJK.Android\MVVMBasicPJK.Android.csproj", "{FE86C26D-B8BC-4469-839F-1B3FCEF84825}"
EndProject
Project("{FAE04EC0-301F-11D3-BF4B-00C04F79EFBC}") = "MVVMBasicPJK.iOS", "MVVMBasicPJK\MVVMBasicPJK.iOS\MVVMBasicPJK.iOS.csproj", "{F197B17C-3653-4178-B7F7-FB3B20009979}"
EndProject
Project("{FAE04EC0-301F-11D3-BF4B-00C04F79EFBC}") = "MVVMBasicPJK", "MVVMBasicPJK\MVVMBasicPJK\MVVMBasicPJK.csproj", "{CEF31E20-36AD-4097-A278-D037D6CB5514}"
EndProject
Global
	GlobalSection(SolutionConfigurationPlatforms) = preSolution
		Ad-Hoc|Any CPU = Ad-Hoc|Any CPU
		Ad-Hoc|iPhone = Ad-Hoc|iPhone
		Ad-Hoc|iPhoneSimulator = Ad-Hoc|iPhoneSimulator
		AppStore|Any CPU = AppStore|Any CPU
		AppStore|iPhone = AppStore|iPhone
		AppStore|iPhoneSimulator = AppStore|iPhoneSimulator
		Debug|Any CPU = Debug|Any CPU
		Debug|iPhone = Debug|iPhone
		Debug|iPhoneSimulator = Debug|iPhoneSimulator
		Release|Any CPU = Release|Any CPU
		Release|iPhone = Release|iPhone
		Release|iPhoneSimulator = Release|iPhoneSimulator
	EndGlobalSection
	GlobalSection(ProjectConfigurationPlatforms) = postSolution
		{FE86C26D-B8BC-4469-839F-1B3FCEF84825}.Ad-Hoc|Any CPU.ActiveCfg = Release|Any CPU
		{FE86C26D-B8BC-4469-839F-1B3FCEF84825}.Ad-Hoc|Any CPU.Build.0 = Release|Any CPU
		{FE86C26D-B8BC-4469-839F-1B3FCEF84825}.Ad-Hoc|Any CPU.Deploy.0 = Release|Any CPU
		{FE86C26D-B8BC-4469-839F-1B3FCEF84825}.Ad-Hoc|iPhone.ActiveCfg = Release|Any CPU
		{FE86C26D-B8BC-4469-839F-1B3FCEF84825}.Ad-Hoc|iPhone.Build.0 = Release|Any CPU
		{FE86C26D-B8BC-4469-839F-1B3FCEF84825}.Ad-Hoc|iPhone.Deploy.0 = Release|Any CPU
		{FE86C26D-B8BC-4469-839F-1B3FCEF84825}.Ad-Hoc|iPhoneSimulator.ActiveCfg = Release|Any CPU
		{FE86C26D-B8BC-4469-839F-1B3FCEF84825}.Ad-Hoc|iPhoneSimulator.Build.0 = Release|Any CPU
		{FE86C26D-B8BC-4469-839F-1B3FCEF84825}.Ad-Hoc|iPhoneSimulator.Deploy.0 = Release|Any CPU
		{FE86C26D-B8BC-4469-839F-1B3FCEF84825}.AppStore|Any CPU.ActiveCfg = Release|Any CPU
		{FE86C26D-B8BC-4469-839F-1B3FCEF84825}.AppStore|Any CPU.Build.0 = Release|Any CPU
		{FE86C26D-B8BC-4469-839F-1B3FCEF84825}.AppStore|Any CPU.Deploy.0 = Release|Any CPU
		{FE86C26D-B8BC-4469-839F-1B3FCEF84825}.AppStore|iPhone.ActiveCfg = Release|Any CPU
		{FE86C26D-B8BC-4469-839F-1B3FCEF84825}.AppStore|iPhone.Build.0 = Release|Any CPU
		{FE86C26D-B8BC-4469-839F-1B3FCEF84825}.AppStore|iPhone.Deploy.0 = Release|Any CPU
		{FE86C26D-B8BC-4469-839F-1B3FCEF84825}.AppStore|iPhoneSimulator.ActiveCfg = Release|Any CPU
		{FE86C26D-B8BC-4469-839F-1B3FCEF84825}.AppStore|iPhoneSimulator.Build.0 = Release|Any CPU
		{FE86C26D-B8BC-4469-839F-1B3FCEF84825}.AppStore|iPhoneSimulator.Deploy.0 = Release|Any CPU
		{FE86C26D-B8BC-4469-839F-1B3FCEF84825}.Debug|Any CPU.ActiveCfg = Debug|Any CPU
		{FE86C26D-B8BC-4469-839F-1B3FCEF84825}.Debug|Any CPU.Build.0 = Debug|Any CPU
		{FE86C26D-B8BC-4469-839F-1B3FCEF84825}.Debug|Any CPU.Deploy.0 = Debug|Any CPU
		{FE86C26D-B8BC-4469-839F-1B3FCEF84825}.Debug|iPhone.ActiveCfg = Debug|Any CPU
		{FE86C26D-B8BC-4469-839F-1B3FCEF84825}.Debug|iPhone.Build.0 = Debug|Any CPU
		{FE86C26D-B8BC-4469-839F-1B3FCEF84825}.Debug|iPhone.Deploy.0 = Debug|Any CPU
		{FE86C26D-B8BC-4469-839F-1B3FCEF84825}.Debug|iPhoneSimulator.ActiveCfg = Debug|Any CPU
		{FE86C26D-B8BC-4469-839F-1B3FCEF84825}.Debug|iPhoneSimulator.Build.0 = Debug|Any CPU
		{FE86C26D-B8BC-4469-839F-1B3FCEF84825}.Debug|iPhoneSimulator.Deploy.0 = Debug|Any CPU
		{FE86C26D-B8BC-4469-839F-1B3FCEF84825}.Release|Any CPU.ActiveCfg = Release|Any CPU
		{FE86C26D-B8BC-4469-839F-1B3FCEF84825}.Release|Any CPU.Build.0 = Release|Any CPU
		{FE86C26D-B8BC-4469-839F-1B3FCEF84825}.Release|Any CPU.Deploy.0 = Release|Any CPU
		{FE86C26D-B8BC-4469-839F-1B3FCEF84825}.Release|iPhone.ActiveCfg = Release|Any CPU
		{FE86C26D-B8BC-4469-839F-1B3FCEF84825}.Release|iPhone.Build.0 = Release|Any CPU
		{FE86C26D-B8BC-4469-839F-1B3FCEF84825}.Release|iPhone.Deploy.0 = Release|Any CPU
		{FE86C26D-B8BC-4469-839F-1B3FCEF84825}.Release|iPhoneSimulator.ActiveCfg = Release|Any CPU
		{FE86C26D-B8BC-4469-839F-1B3FCEF84825}.Release|iPhoneSimulator.Build.0 = Release|Any CPU
		{FE86C26D-B8BC-4469-839F-1B3FCEF84825}.Release|iPhoneSimulator.Deploy.0 = Release|Any CPU
		{F197B17C-3653-4178-B7F7-FB3B20009979}.Ad-Hoc|Any CPU.ActiveCfg = Ad-Hoc|iPhone
		{F197B17C-3653-4178-B7F7-FB3B20009979}.Ad-Hoc|Any CPU.Build.0 = Ad-Hoc|iPhone
		{F197B17C-3653-4178-B7F7-FB3B20009979}.Ad-Hoc|Any CPU.Deploy.0 = Ad-Hoc|iPhone
		{F197B17C-3653-4178-B7F7-FB3B20009979}.Ad-Hoc|iPhone.ActiveCfg = Ad-Hoc|iPhone
		{F197B17C-3653-4178-B7F7-FB3B20009979}.Ad-Hoc|iPhone.Build.0 = Ad-Hoc|iPhone
		{F197B17C-3653-4178-B7F7-FB3B20009979}.Ad-Hoc|iPhone.Deploy.0 = Ad-Hoc|iPhone
		{F197B17C-3653-4178-B7F7-FB3B20009979}.Ad-Hoc|iPhoneSimulator.ActiveCfg = Ad-Hoc|iPhoneSimulator
		{F197B17C-3653-4178-B7F7-FB3B20009979}.Ad-Hoc|iPhoneSimulator.Build.0 = Ad-Hoc|iPhoneSimulator
		{F197B17C-3653-4178-B7F7-FB3B20009979}.Ad-Hoc|iPhoneSimulator.Deploy.0 = Ad-Hoc|iPhoneSimulator
		{F197B17C-3653-4178-B7F7-FB3B20009979}.AppStore|Any CPU.ActiveCfg = AppStore|iPhone
		{F197B17C-3653-4178-B7F7-FB3B20009979}.AppStore|Any CPU.Build.0 = AppStore|iPhone
		{F197B17C-3653-4178-B7F7-FB3B20009979}.AppStore|Any CPU.Deploy.0 = AppStore|iPhone
		{F197B17C-3653-4178-B7F7-FB3B20009979}.AppStore|iPhone.ActiveCfg = AppStore|iPhone
		{F197B17C-3653-4178-B7F7-FB3B20009979}.AppStore|iPhone.Build.0 = AppStore|iPhone
		{F197B17C-3653-4178-B7F7-FB3B20009979}.AppStore|iPhone.Deploy.0 = AppStore|iPhone
		{F197B17C-3653-4178-B7F7-FB3B20009979}.AppStore|iPhoneSimulator.ActiveCfg = AppStore|iPhoneSimulator
		{F197B17C-3653-4178-B7F7-FB3B20009979}.AppStore|iPhoneSimulator.Build.0 = AppStore|iPhoneSimulator
		{F197B17C-3653-4178-B7F7-FB3B20009979}.AppStore|iPhoneSimulator.Deploy.0 = AppStore|iPhoneSimulator
		{F197B17C-3653-4178-B7F7-FB3B20009979}.Debug|Any CPU.ActiveCfg = Debug|iPhoneSimulator
		{F197B17C-3653-4178-B7F7-FB3B20009979}.Debug|Any CPU.Build.0 = Debug|iPhoneSimulator
		{F197B17C-3653-4178-B7F7-FB3B20009979}.Debug|Any CPU.Deploy.0 = Debug|iPhoneSimulator
		{F197B17C-3653-4178-B7F7-FB3B20009979}.Debug|iPhone.ActiveCfg = Debug|iPhone
		{F197B17C-3653-4178-B7F7-FB3B20009979}.Debug|iPhone.Build.0 = Debug|iPhone
		{F197B17C-3653-4178-B7F7-FB3B20009979}.Debug|iPhone.Deploy.0 = Debug|iPhone
		{F197B17C-3653-4178-B7F7-FB3B20009979}.Debug|iPhoneSimulator.ActiveCfg = Debug|iPhoneSimulator
		{F197B17C-3653-4178-B7F7-FB3B20009979}.Debug|iPhoneSimulator.Build.0 = Debug|iPhoneSimulator
		{F197B17C-3653-4178-B7F7-FB3B20009979}.Debug|iPhoneSimulator.Deploy.0 = Debug|iPhoneSimulator
		{F197B17C-3653-4178-B7F7-FB3B20009979}.Release|Any CPU.ActiveCfg = Release|iPhone
		{F197B17C-3653-4178-B7F7-FB3B20009979}.Release|Any CPU.Build.0 = Release|iPhone
		{F197B17C-3653-4178-B7F7-FB3B20009979}.Release|Any CPU.Deploy.0 = Release|iPhone
		{F197B17C-3653-4178-B7F7-FB3B20009979}.Release|iPhone.ActiveCfg = Release|iPhone
		{F197B17C-3653-4178-B7F7-FB3B20009979}.Release|iPhone.Build.0 = Release|iPhone
		{F197B17C-3653-4178-B7F7-FB3B20009979}.Release|iPhone.Deploy.0 = Release|iPhone
		{F197B17C-3653-4178-B7F7-FB3B20009979}.Release|iPhoneSimulator.ActiveCfg = Release|iPhoneSimulator
		{F197B17C-3653-4178-B7F7-FB3B20009979}.Release|iPhoneSimulator.Build.0 = Release|iPhoneSimulator
		{F197B17C-3653-4178-B7F7-FB3B20009979}.Release|iPhoneSimulator.Deploy.0 = Release|iPhoneSimulator
		{CEF31E20-36AD-4097-A278-D037D6CB5514}.Ad-Hoc|Any CPU.ActiveCfg = Debug|Any CPU
		{CEF31E20-36AD-4097-A278-D037D6CB5514}.Ad-Hoc|Any CPU.Build.0 = Debug|Any CPU
		{CEF31E20-36AD-4097-A278-D037D6CB5514}.Ad-Hoc|Any CPU.Deploy.0 = Debug|Any CPU
		{CEF31E20-36AD-4097-A278-D037D6CB5514}.Ad-Hoc|iPhone.ActiveCfg = Debug|Any CPU
		{CEF31E20-36AD-4097-A278-D037D6CB5514}.Ad-Hoc|iPhone.Build.0 = Debug|Any CPU
		{CEF31E20-36AD-4097-A278-D037D6CB5514}.Ad-Hoc|iPhone.Deploy.0 = Debug|Any CPU
		{CEF31E20-36AD-4097-A278-D037D6CB5514}.Ad-Hoc|iPhoneSimulator.ActiveCfg = Debug|Any CPU
		{CEF31E20-36AD-4097-A278-D037D6CB5514}.Ad-Hoc|iPhoneSimulator.Build.0 = Debug|Any CPU
		{CEF31E20-36AD-4097-A278-D037D6CB5514}.Ad-Hoc|iPhoneSimulator.Deploy.0 = Debug|Any CPU
		{CEF31E20-36AD-4097-A278-D037D6CB5514}.AppStore|Any CPU.ActiveCfg = Debug|Any CPU
		{CEF31E20-36AD-4097-A278-D037D6CB5514}.AppStore|Any CPU.Build.0 = Debug|Any CPU
		{CEF31E20-36AD-4097-A278-D037D6CB5514}.AppStore|Any CPU.Deploy.0 = Debug|Any CPU
		{CEF31E20-36AD-4097-A278-D037D6CB5514}.AppStore|iPhone.ActiveCfg = Debug|Any CPU
		{CEF31E20-36AD-4097-A278-D037D6CB5514}.AppStore|iPhone.Build.0 = Debug|Any CPU
		{CEF31E20-36AD-4097-A278-D037D6CB5514}.AppStore|iPhone.Deploy.0 = Debug|Any CPU
		{CEF31E20-36AD-4097-A278-D037D6CB5514}.AppStore|iPhoneSimulator.ActiveCfg = Debug|Any CPU
		{CEF31E20-36AD-4097-A278-D037D6CB5514}.AppStore|iPhoneSimulator.Build.0 = Debug|Any CPU
		{CEF31E20-36AD-4097-A278-D037D6CB5514}.AppStore|iPhoneSimulator.Deploy.0 = Debug|Any CPU
		{CEF31E20-36AD-4097-A278-D037D6CB5514}.Debug|Any CPU.ActiveCfg = Debug|Any CPU
		{CEF31E20-36AD-4097-A278-D037D6CB5514}.Debug|Any CPU.Build.0 = Debug|Any CPU
		{CEF31E20-36AD-4097-A278-D037D6CB5514}.Debug|Any CPU.Deploy.0 = Debug|Any CPU
		{CEF31E20-36AD-4097-A278-D037D6CB5514}.Debug|iPhone.ActiveCfg = Debug|Any CPU
		{CEF31E20-36AD-4097-A278-D037D6CB5514}.Debug|iPhone.Build.0 = Debug|Any CPU
		{CEF31E20-36AD-4097-A278-D037D6CB5514}.Debug|iPhone.Deploy.0 = Debug|Any CPU
		{CEF31E20-36AD-4097-A278-D037D6CB5514}.Debug|iPhoneSimulator.ActiveCfg = Debug|Any CPU
		{CEF31E20-36AD-4097-A278-D037D6CB5514}.Debug|iPhoneSimulator.Build.0 = Debug|Any CPU
		{CEF31E20-36AD-4097-A278-D037D6CB5514}.Debug|iPhoneSimulator.Deploy.0 = Debug|Any CPU
		{CEF31E20-36AD-4097-A278-D037D6CB5514}.Release|Any CPU.ActiveCfg = Release|Any CPU
		{CEF31E20-36AD-4097-A278-D037D6CB5514}.Release|Any CPU.Build.0 = Release|Any CPU
		{CEF31E20-36AD-4097-A278-D037D6CB5514}.Release|Any CPU.Deploy.0 = Release|Any CPU
		{CEF31E20-36AD-4097-A278-D037D6CB5514}.Release|iPhone.ActiveCfg = Release|Any CPU
		{CEF31E20-36AD-4097-A278-D037D6CB5514}.Release|iPhone.Build.0 = Release|Any CPU
		{CEF31E20-36AD-4097-A278-D037D6CB5514}.Release|iPhone.Deploy.0 = Release|Any CPU
		{CEF31E20-36AD-4097-A278-D037D6CB5514}.Release|iPhoneSimulator.ActiveCfg = Release|Any CPU
		{CEF31E20-36AD-4097-A278-D037D6CB5514}.Release|iPhoneSimulator.Build.0 = Release|Any CPU
		{CEF31E20-36AD-4097-A278-D037D6CB5514}.Release|iPhoneSimulator.Deploy.0 = Release|Any CPU
	EndGlobalSection
	GlobalSection(SolutionProperties) = preSolution
		HideSolutionNode = FALSE
	EndGlobalSection
	GlobalSection(ExtensibilityGlobals) = postSolution
		SolutionGuid = {85758933-3C7E-48A6-8F8A-878EE60E5ACB}
	EndGlobalSection
EndGlobal
